{
  "name": "cra-template-styled-components-starter",
  "version": "1.0.3",
  "lockfileVersion": 1,
  "requires": true,
  "dependencies": {
    "styled-media-query": {
      "version": "2.1.2",
      "resolved": "https://registry.npmjs.org/styled-media-query/-/styled-media-query-2.1.2.tgz",
      "integrity": "sha512-ds24iBxOrfIhdHP+e23y6kj1gbosgWu+tgAuxvMrYmnp6Sju/LjuY8lfkiVnn6P7mcdhtwpC2Z43o+apT9UdJg=="
    }
  }
}
